// !$*UTF8*$!
{
	archiveVersion = 1;
	classes = {
	};
	objectVersion = 50;
	objects = {

/* Begin PBXBuildFile section */
		B396EA9A228F81B60079BD24 /* AppDelegate.swift in Sources */ = {isa = PBXBuildFile; fileRef = B396EA99228F81B60079BD24 /* AppDelegate.swift */; };
		B396EA9C228F81B60079BD24 /* ViewController.swift in Sources */ = {isa = PBXBuildFile; fileRef = B396EA9B228F81B60079BD24 /* ViewController.swift */; };
		B396EA9F228F81B60079BD24 /* Main.storyboard in Resources */ = {isa = PBXBuildFile; fileRef = B396EA9D228F81B60079BD24 /* Main.storyboard */; };
		B396EAA4228F81B70079BD24 /* LaunchScreen.storyboard in Resources */ = {isa = PBXBuildFile; fileRef = B396EAA2228F81B70079BD24 /* LaunchScreen.storyboard */; };
		B396EAB1228F82EE0079BD24 /* ShoppingItem.swift in Sources */ = {isa = PBXBuildFile; fileRef = B396EAB0228F82EE0079BD24 /* ShoppingItem.swift */; };
		B396EAB3228F83B20079BD24 /* ShoppingListController.swift in Sources */ = {isa = PBXBuildFile; fileRef = B396EAB2228F83B20079BD24 /* ShoppingListController.swift */; };
		B396EAB5228F84ED0079BD24 /* ShoppingItemCollectionViewCell.swift in Sources */ = {isa = PBXBuildFile; fileRef = B396EAB4228F84ED0079BD24 /* ShoppingItemCollectionViewCell.swift */; };
		B396EAB7228F86D00079BD24 /* ShoppingListCollectionViewController.swift in Sources */ = {isa = PBXBuildFile; fileRef = B396EAB6228F86D00079BD24 /* ShoppingListCollectionViewController.swift */; };
		B396EAB9228F871C0079BD24 /* OrderViewController.swift in Sources */ = {isa = PBXBuildFile; fileRef = B396EAB8228F871C0079BD24 /* OrderViewController.swift */; };
		B396EABB228F8CE80079BD24 /* Assets.xcassets in Resources */ = {isa = PBXBuildFile; fileRef = B396EABA228F8CE80079BD24 /* Assets.xcassets */; };
/* End PBXBuildFile section */

/* Begin PBXFileReference section */
		B396EA96228F81B60079BD24 /* Shopping List.app */ = {isa = PBXFileReference; explicitFileType = wrapper.application; includeInIndex = 0; path = "Shopping List.app"; sourceTree = BUILT_PRODUCTS_DIR; };
		B396EA99228F81B60079BD24 /* AppDelegate.swift */ = {isa = PBXFileReference; lastKnownFileType = sourcecode.swift; path = AppDelegate.swift; sourceTree = "<group>"; };
		B396EA9B228F81B60079BD24 /* ViewController.swift */ = {isa = PBXFileReference; lastKnownFileType = sourcecode.swift; path = ViewController.swift; sourceTree = "<group>"; };
		B396EA9E228F81B60079BD24 /* Base */ = {isa = PBXFileReference; lastKnownFileType = file.storyboard; name = Base; path = Base.lproj/Main.storyboard; sourceTree = "<group>"; };
		B396EAA3228F81B70079BD24 /* Base */ = {isa = PBXFileReference; lastKnownFileType = file.storyboard; name = Base; path = Base.lproj/LaunchScreen.storyboard; sourceTree = "<group>"; };
		B396EAA5228F81B70079BD24 /* Info.plist */ = {isa = PBXFileReference; lastKnownFileType = text.plist.xml; path = Info.plist; sourceTree = "<group>"; };
		B396EAB0228F82EE0079BD24 /* ShoppingItem.swift */ = {isa = PBXFileReference; lastKnownFileType = sourcecode.swift; path = ShoppingItem.swift; sourceTree = "<group>"; };
		B396EAB2228F83B20079BD24 /* ShoppingListController.swift */ = {isa = PBXFileReference; lastKnownFileType = sourcecode.swift; path = ShoppingListController.swift; sourceTree = "<group>"; };
		B396EAB4228F84ED0079BD24 /* ShoppingItemCollectionViewCell.swift */ = {isa = PBXFileReference; lastKnownFileType = sourcecode.swift; path = ShoppingItemCollectionViewCell.swift; sourceTree = "<group>"; };
		B396EAB6228F86D00079BD24 /* ShoppingListCollectionViewController.swift */ = {isa = PBXFileReference; lastKnownFileType = sourcecode.swift; path = ShoppingListCollectionViewController.swift; sourceTree = "<group>"; };
		B396EAB8228F871C0079BD24 /* OrderViewController.swift */ = {isa = PBXFileReference; lastKnownFileType = sourcecode.swift; path = OrderViewController.swift; sourceTree = "<group>"; };
		B396EABA228F8CE80079BD24 /* Assets.xcassets */ = {isa = PBXFileReference; lastKnownFileType = folder.assetcatalog; path = Assets.xcassets; sourceTree = "<group>"; };
/* End PBXFileReference section */

/* Begin PBXFrameworksBuildPhase section */
		B396EA93228F81B60079BD24 /* Frameworks */ = {
			isa = PBXFrameworksBuildPhase;
			buildActionMask = 2147483647;
			files = (
			);
			runOnlyForDeploymentPostprocessing = 0;
		};
/* End PBXFrameworksBuildPhase section */

/* Begin PBXGroup section */
		B396EA8D228F81B60079BD24 = {
			isa = PBXGroup;
			children = (
				B396EA98228F81B60079BD24 /* Shopping List */,
				B396EA97228F81B60079BD24 /* Products */,
			);
			sourceTree = "<group>";
		};
		B396EA97228F81B60079BD24 /* Products */ = {
			isa = PBXGroup;
			children = (
				B396EA96228F81B60079BD24 /* Shopping List.app */,
			);
			name = Products;
			sourceTree = "<group>";
		};
		B396EA98228F81B60079BD24 /* Shopping List */ = {
			isa = PBXGroup;
			children = (
				B396EAAF228F82070079BD24 /* Controller */,
				B396EAAE228F81F90079BD24 /* Model */,
				B396EAAD228F81ED0079BD24 /* ViewControllers */,
				B396EAAB228F81CB0079BD24 /* StoryBoards */,
				B396EAAC228F81E20079BD24 /* Resources */,
			);
			path = "Shopping List";
			sourceTree = "<group>";
		};
		B396EAAB228F81CB0079BD24 /* StoryBoards */ = {
			isa = PBXGroup;
			children = (
				B396EA9D228F81B60079BD24 /* Main.storyboard */,
				B396EAA2228F81B70079BD24 /* LaunchScreen.storyboard */,
			);
			path = StoryBoards;
			sourceTree = "<group>";
		};
		B396EAAC228F81E20079BD24 /* Resources */ = {
			isa = PBXGroup;
			children = (
				B396EA99228F81B60079BD24 /* AppDelegate.swift */,
				B396EABA228F8CE80079BD24 /* Assets.xcassets */,
				B396EAA5228F81B70079BD24 /* Info.plist */,
			);
			path = Resources;
			sourceTree = "<group>";
		};
		B396EAAD228F81ED0079BD24 /* ViewControllers */ = {
			isa = PBXGroup;
			children = (
				B396EA9B228F81B60079BD24 /* ViewController.swift */,
				B396EAB6228F86D00079BD24 /* ShoppingListCollectionViewController.swift */,
				B396EAB8228F871C0079BD24 /* OrderViewController.swift */,
			);
			path = ViewControllers;
			sourceTree = "<group>";
		};
		B396EAAE228F81F90079BD24 /* Model */ = {
			isa = PBXGroup;
			children = (
				B396EAB0228F82EE0079BD24 /* ShoppingItem.swift */,
				B396EAB4228F84ED0079BD24 /* ShoppingItemCollectionViewCell.swift */,
			);
			path = Model;
			sourceTree = "<group>";
		};
		B396EAAF228F82070079BD24 /* Controller */ = {
			isa = PBXGroup;
			children = (
				B396EAB2228F83B20079BD24 /* ShoppingListController.swift */,
			);
			path = Controller;
			sourceTree = "<group>";
		};
/* End PBXGroup section */

/* Begin PBXNativeTarget section */
		B396EA95228F81B60079BD24 /* Shopping List */ = {
			isa = PBXNativeTarget;
			buildConfigurationList = B396EAA8228F81B70079BD24 /* Build configuration list for PBXNativeTarget "Shopping List" */;
			buildPhases = (
				B396EA92228F81B60079BD24 /* Sources */,
				B396EA93228F81B60079BD24 /* Frameworks */,
				B396EA94228F81B60079BD24 /* Resources */,
			);
			buildRules = (
			);
			dependencies = (
			);
			name = "Shopping List";
			productName = "Shopping List";
			productReference = B396EA96228F81B60079BD24 /* Shopping List.app */;
			productType = "com.apple.product-type.application";
		};
/* End PBXNativeTarget section */

/* Begin PBXProject section */
		B396EA8E228F81B60079BD24 /* Project object */ = {
			isa = PBXProject;
			attributes = {
				LastSwiftUpdateCheck = 1010;
				LastUpgradeCheck = 1010;
				ORGANIZATIONNAME = Seschwan;
				TargetAttributes = {
					B396EA95228F81B60079BD24 = {
						CreatedOnToolsVersion = 10.1;
					};
				};
			};
			buildConfigurationList = B396EA91228F81B60079BD24 /* Build configuration list for PBXProject "Shopping List" */;
			compatibilityVersion = "Xcode 9.3";
			developmentRegion = en;
			hasScannedForEncodings = 0;
			knownRegions = (
				en,
				Base,
			);
			mainGroup = B396EA8D228F81B60079BD24;
			productRefGroup = B396EA97228F81B60079BD24 /* Products */;
			projectDirPath = "";
			projectRoot = "";
			targets = (
				B396EA95228F81B60079BD24 /* Shopping List */,
			);
		};
/* End PBXProject section */

/* Begin PBXResourcesBuildPhase section */
		B396EA94228F81B60079BD24 /* Resources */ = {
			isa = PBXResourcesBuildPhase;
			buildActionMask = 2147483647;
			files = (
				B396EAA4228F81B70079BD24 /* LaunchScreen.storyboard in Resources */,
				B396EABB228F8CE80079BD24 /* Assets.xcassets in Resources */,
				B396EA9F228F81B60079BD24 /* Main.storyboard in Resources */,
			);
			runOnlyForDeploymentPostprocessing = 0;
		};
/* End PBXResourcesBuildPhase section */

/* Begin PBXSourcesBuildPhase section */
		B396EA92228F81B60079BD24 /* Sources */ = {
			isa = PBXSourcesBuildPhase;
			buildActionMask = 2147483647;
			files = (
				B396EAB5228F84ED0079BD24 /* ShoppingItemCollectionViewCell.swift in Sources */,
				B396EAB1228F82EE0079BD24 /* ShoppingItem.swift in Sources */,
				B396EA9C228F81B60079BD24 /* ViewController.swift in Sources */,
				B396EAB9228F871C0079BD24 /* OrderViewController.swift in Sources */,
				B396EA9A228F81B60079BD24 /* AppDelegate.swift in Sources */,
				B396EAB7228F86D00079BD24 /* ShoppingListCollectionViewController.swift in Sources */,
				B396EAB3228F83B20079BD24 /* ShoppingListController.swift in Sources */,
			);
			runOnlyForDeploymentPostprocessing = 0;
		};
/* End PBXSourcesBuildPhase section */

/* Begin PBXVariantGroup section */
		B396EA9D228F81B60079BD24 /* Main.storyboard */ = {
			isa = PBXVariantGroup;
			children = (
				B396EA9E228F81B60079BD24 /* Base */,
			);
			name = Main.storyboard;
			sourceTree = "<group>";
		};
		B396EAA2228F81B70079BD24 /* LaunchScreen.storyboard */ = {
			isa = PBXVariantGroup;
			children = (
				B396EAA3228F81B70079BD24 /* Base */,
			);
			name = LaunchScreen.storyboard;
			sourceTree = "<group>";
		};
/* End PBXVariantGroup section */

/* Begin XCBuildConfiguration section */
		B396EAA6228F81B70079BD24 /* Debug */ = {
			isa = XCBuildConfiguration;
			buildSettings = {
				ALWAYS_SEARCH_USER_PATHS = NO;
				CLANG_ANALYZER_NONNULL = YES;
				CLANG_ANALYZER_NUMBER_OBJECT_CONVERSION = YES_AGGRESSIVE;
				CLANG_CXX_LANGUAGE_STANDARD = "gnu++14";
				CLANG_CXX_LIBRARY = "libc++";
				CLANG_ENABLE_MODULES = YES;
				CLANG_ENABLE_OBJC_ARC = YES;
				CLANG_ENABLE_OBJC_WEAK = YES;
				CLANG_WARN_BLOCK_CAPTURE_AUTORELEASING = YES;
				CLANG_WARN_BOOL_CONVERSION = YES;
				CLANG_WARN_COMMA = YES;
				CLANG_WARN_CONSTANT_CONVERSION = YES;
				CLANG_WARN_DEPRECATED_OBJC_IMPLEMENTATIONS = YES;
				CLANG_WARN_DIRECT_OBJC_ISA_USAGE = YES_ERROR;
				CLANG_WARN_DOCUMENTATION_COMMENTS = YES;
				CLANG_WARN_EMPTY_BODY = YES;
				CLANG_WARN_ENUM_CONVERSION = YES;
				CLANG_WARN_INFINITE_RECURSION = YES;
				CLANG_WARN_INT_CONVERSION = YES;
				CLANG_WARN_NON_LITERAL_NULL_CONVERSION = YES;
				CLANG_WARN_OBJC_IMPLICIT_RETAIN_SELF = YES;
				CLANG_WARN_OBJC_LITERAL_CONVERSION = YES;
				CLANG_WARN_OBJC_ROOT_CLASS = YES_ERROR;
				CLANG_WARN_RANGE_LOOP_ANALYSIS = YES;
				CLANG_WARN_STRICT_PROTOTYPES = YES;
				CLANG_WARN_SUSPICIOUS_MOVE = YES;
				CLANG_WARN_UNGUARDED_AVAILABILITY = YES_AGGRESSIVE;
				CLANG_WARN_UNREACHABLE_CODE = YES;
				CLANG_WARN__DUPLICATE_METHOD_MATCH = YES;
				CODE_SIGN_IDENTITY = "iPhone Developer";
				COPY_PHASE_STRIP = NO;
				DEBUG_INFORMATION_FORMAT = dwarf;
				ENABLE_STRICT_OBJC_MSGSEND = YES;
				ENABLE_TESTABILITY = YES;
				GCC_C_LANGUAGE_STANDARD = gnu11;
				GCC_DYNAMIC_NO_PIC = NO;
				GCC_NO_COMMON_BLOCKS = YES;
				GCC_OPTIMIZATION_LEVEL = 0;
				GCC_PREPROCESSOR_DEFINITIONS = (
					"DEBUG=1",
					"$(inherited)",
				);
				GCC_WARN_64_TO_32_BIT_CONVERSION = YES;
				GCC_WARN_ABOUT_RETURN_TYPE = YES_ERROR;
				GCC_WARN_UNDECLARED_SELECTOR = YES;
				GCC_WARN_UNINITIALIZED_AUTOS = YES_AGGRESSIVE;
				GCC_WARN_UNUSED_FUNCTION = YES;
				GCC_WARN_UNUSED_VARIABLE = YES;
				IPHONEOS_DEPLOYMENT_TARGET = 12.1;
				MTL_ENABLE_DEBUG_INFO = INCLUDE_SOURCE;
				MTL_FAST_MATH = YES;
				ONLY_ACTIVE_ARCH = YES;
				SDKROOT = iphoneos;
				SWIFT_ACTIVE_COMPILATION_CONDITIONS = DEBUG;
				SWIFT_OPTIMIZATION_LEVEL = "-Onone";
			};
			name = Debug;
		};
		B396EAA7228F81B70079BD24 /* Release */ = {
			isa = XCBuildConfiguration;
			buildSettings = {
				ALWAYS_SEARCH_USER_PATHS = NO;
				CLANG_ANALYZER_NONNULL = YES;
				CLANG_ANALYZER_NUMBER_OBJECT_CONVERSION = YES_AGGRESSIVE;
				CLANG_CXX_LANGUAGE_STANDARD = "gnu++14";
				CLANG_CXX_LIBRARY = "libc++";
				CLANG_ENABLE_MODULES = YES;
				CLANG_ENABLE_OBJC_ARC = YES;
				CLANG_ENABLE_OBJC_WEAK = YES;
				CLANG_WARN_BLOCK_CAPTURE_AUTORELEASING = YES;
				CLANG_WARN_BOOL_CONVERSION = YES;
				CLANG_WARN_COMMA = YES;
				CLANG_WARN_CONSTANT_CONVERSION = YES;
				CLANG_WARN_DEPRECATED_OBJC_IMPLEMENTATIONS = YES;
				CLANG_WARN_DIRECT_OBJC_ISA_USAGE = YES_ERROR;
				CLANG_WARN_DOCUMENTATION_COMMENTS = YES;
				CLANG_WARN_EMPTY_BODY = YES;
				CLANG_WARN_ENUM_CONVERSION = YES;
				CLANG_WARN_INFINITE_RECURSION = YES;
				CLANG_WARN_INT_CONVERSION = YES;
				CLANG_WARN_NON_LITERAL_NULL_CONVERSION = YES;
				CLANG_WARN_OBJC_IMPLICIT_RETAIN_SELF = YES;
				CLANG_WARN_OBJC_LITERAL_CONVERSION = YES;
				CLANG_WARN_OBJC_ROOT_CLASS = YES_ERROR;
				CLANG_WARN_RANGE_LOOP_ANALYSIS = YES;
				CLANG_WARN_STRICT_PROTOTYPES = YES;
				CLANG_WARN_SUSPICIOUS_MOVE = YES;
				CLANG_WARN_UNGUARDED_AVAILABILITY = YES_AGGRESSIVE;
				CLANG_WARN_UNREACHABLE_CODE = YES;
				CLANG_WARN__DUPLICATE_METHOD_MATCH = YES;
				CODE_SIGN_IDENTITY = "iPhone Developer";
				COPY_PHASE_STRIP = NO;
				DEBUG_INFORMATION_FORMAT = "dwarf-with-dsym";
				ENABLE_NS_ASSERTIONS = NO;
				ENABLE_STRICT_OBJC_MSGSEND = YES;
				GCC_C_LANGUAGE_STANDARD = gnu11;
				GCC_NO_COMMON_BLOCKS = YES;
				GCC_WARN_64_TO_32_BIT_CONVERSION = YES;
				GCC_WARN_ABOUT_RETURN_TYPE = YES_ERROR;
				GCC_WARN_UNDECLARED_SELECTOR = YES;
				GCC_WARN_UNINITIALIZED_AUTOS = YES_AGGRESSIVE;
				GCC_WARN_UNUSED_FUNCTION = YES;
				GCC_WARN_UNUSED_VARIABLE = YES;
				IPHONEOS_DEPLOYMENT_TARGET = 12.1;
				MTL_ENABLE_DEBUG_INFO = NO;
				MTL_FAST_MATH = YES;
				SDKROOT = iphoneos;
				SWIFT_COMPILATION_MODE = wholemodule;
				SWIFT_OPTIMIZATION_LEVEL = "-O";
				VALIDATE_PRODUCT = YES;
			};
			name = Release;
		};
		B396EAA9228F81B70079BD24 /* Debug */ = {
			isa = XCBuildConfiguration;
			buildSettings = {
				ASSETCATALOG_COMPILER_APPICON_NAME = AppIcon;
				CODE_SIGN_STYLE = Automatic;
				DEVELOPMENT_TEAM = SBB8C9E36E;
				INFOPLIST_FILE = "$(SRCROOT)/Shopping List/Resources/Info.plist";
				LD_RUNPATH_SEARCH_PATHS = (
					"$(inherited)",
					"@executable_path/Frameworks",
				);
				PRODUCT_BUNDLE_IDENTIFIER = "com.seschwan.Shopping-List";
				PRODUCT_NAME = "$(TARGET_NAME)";
				SWIFT_VERSION = 4.2;
				TARGETED_DEVICE_FAMILY = "1,2";
			};
			name = Debug;
		};
		B396EAAA228F81B70079BD24 /* Release */ = {
			isa = XCBuildConfiguration;
			buildSettings = {
				ASSETCATALOG_COMPILER_APPICON_NAME = AppIcon;
				CODE_SIGN_STYLE = Automatic;
				DEVELOPMENT_TEAM = SBB8C9E36E;
				INFOPLIST_FILE = "$(SRCROOT)/Shopping List/Resources/Info.plist";
				LD_RUNPATH_SEARCH_PATHS = (
					"$(inherited)",
					"@executable_path/Frameworks",
				);
				PRODUCT_BUNDLE_IDENTIFIER = "com.seschwan.Shopping-List";
				PRODUCT_NAME = "$(TARGET_NAME)";
				SWIFT_VERSION = 4.2;
				TARGETED_DEVICE_FAMILY = "1,2";
			};
			name = Release;
		};
/* End XCBuildConfiguration section */

/* Begin XCConfigurationList section */
		B396EA91228F81B60079BD24 /* Build configuration list for PBXProject "Shopping List" */ = {
			isa = XCConfigurationList;
			buildConfigurations = (
				B396EAA6228F81B70079BD24 /* Debug */,
				B396EAA7228F81B70079BD24 /* Release */,
			);
			defaultConfigurationIsVisible = 0;
			defaultConfigurationName = Release;
		};
		B396EAA8228F81B70079BD24 /* Build configuration list for PBXNativeTarget "Shopping List" */ = {
			isa = XCConfigurationList;
			buildConfigurations = (
				B396EAA9228F81B70079BD24 /* Debug */,
				B396EAAA228F81B70079BD24 /* Release */,
			);
			defaultConfigurationIsVisible = 0;
			defaultConfigurationName = Release;
		};
/* End XCConfigurationList section */
	};
	rootObject = B396EA8E228F81B60079BD24 /* Project object */;
}
