// !$*UTF8*$!
{
	archiveVersion = 1;
	classes = {
	};
	objectVersion = 50;
	objects = {

/* Begin PBXBuildFile section */
		6349D7002328737700F4A662 /* AppDelegate.swift in Sources */ = {isa = PBXBuildFile; fileRef = 6349D6FF2328737700F4A662 /* AppDelegate.swift */; };
		6349D7052328737700F4A662 /* Main.storyboard in Resources */ = {isa = PBXBuildFile; fileRef = 6349D7032328737700F4A662 /* Main.storyboard */; };
		6349D7072328737800F4A662 /* Assets.xcassets in Resources */ = {isa = PBXBuildFile; fileRef = 6349D7062328737800F4A662 /* Assets.xcassets */; };
		6349D70A2328737800F4A662 /* LaunchScreen.storyboard in Resources */ = {isa = PBXBuildFile; fileRef = 6349D7082328737800F4A662 /* LaunchScreen.storyboard */; };
		6349D712232873AA00F4A662 /* ShoppingItem.swift in Sources */ = {isa = PBXBuildFile; fileRef = 6349D711232873AA00F4A662 /* ShoppingItem.swift */; };
		6349D714232878C900F4A662 /* ShoppingItemController.swift in Sources */ = {isa = PBXBuildFile; fileRef = 6349D713232878C900F4A662 /* ShoppingItemController.swift */; };
		6349D7172328812800F4A662 /* ShoppingListCollectionViewController.swift in Sources */ = {isa = PBXBuildFile; fileRef = 6349D7162328812800F4A662 /* ShoppingListCollectionViewController.swift */; };
		6349D7192328814700F4A662 /* ShoppingListCollectionViewCell.swift in Sources */ = {isa = PBXBuildFile; fileRef = 6349D7182328814700F4A662 /* ShoppingListCollectionViewCell.swift */; };
		6349D71B2328817C00F4A662 /* OrderConfirmationViewController.swift in Sources */ = {isa = PBXBuildFile; fileRef = 6349D71A2328817C00F4A662 /* OrderConfirmationViewController.swift */; };
/* End PBXBuildFile section */

/* Begin PBXFileReference section */
		6349D6FC2328737700F4A662 /* Shopping List New.app */ = {isa = PBXFileReference; explicitFileType = wrapper.application; includeInIndex = 0; path = "Shopping List New.app"; sourceTree = BUILT_PRODUCTS_DIR; };
		6349D6FF2328737700F4A662 /* AppDelegate.swift */ = {isa = PBXFileReference; lastKnownFileType = sourcecode.swift; path = AppDelegate.swift; sourceTree = "<group>"; };
		6349D7042328737700F4A662 /* Base */ = {isa = PBXFileReference; lastKnownFileType = file.storyboard; name = Base; path = Base.lproj/Main.storyboard; sourceTree = "<group>"; };
		6349D7062328737800F4A662 /* Assets.xcassets */ = {isa = PBXFileReference; lastKnownFileType = folder.assetcatalog; path = Assets.xcassets; sourceTree = "<group>"; };
		6349D7092328737800F4A662 /* Base */ = {isa = PBXFileReference; lastKnownFileType = file.storyboard; name = Base; path = Base.lproj/LaunchScreen.storyboard; sourceTree = "<group>"; };
		6349D70B2328737800F4A662 /* Info.plist */ = {isa = PBXFileReference; lastKnownFileType = text.plist.xml; path = Info.plist; sourceTree = "<group>"; };
		6349D711232873AA00F4A662 /* ShoppingItem.swift */ = {isa = PBXFileReference; lastKnownFileType = sourcecode.swift; path = ShoppingItem.swift; sourceTree = "<group>"; };
		6349D713232878C900F4A662 /* ShoppingItemController.swift */ = {isa = PBXFileReference; lastKnownFileType = sourcecode.swift; path = ShoppingItemController.swift; sourceTree = "<group>"; };
		6349D7162328812800F4A662 /* ShoppingListCollectionViewController.swift */ = {isa = PBXFileReference; lastKnownFileType = sourcecode.swift; path = ShoppingListCollectionViewController.swift; sourceTree = "<group>"; };
		6349D7182328814700F4A662 /* ShoppingListCollectionViewCell.swift */ = {isa = PBXFileReference; lastKnownFileType = sourcecode.swift; path = ShoppingListCollectionViewCell.swift; sourceTree = "<group>"; };
		6349D71A2328817C00F4A662 /* OrderConfirmationViewController.swift */ = {isa = PBXFileReference; lastKnownFileType = sourcecode.swift; path = OrderConfirmationViewController.swift; sourceTree = "<group>"; };
/* End PBXFileReference section */

/* Begin PBXFrameworksBuildPhase section */
		6349D6F92328737700F4A662 /* Frameworks */ = {
			isa = PBXFrameworksBuildPhase;
			buildActionMask = 2147483647;
			files = (
			);
			runOnlyForDeploymentPostprocessing = 0;
		};
/* End PBXFrameworksBuildPhase section */

/* Begin PBXGroup section */
		6349D6F32328737700F4A662 = {
			isa = PBXGroup;
			children = (
				6349D6FE2328737700F4A662 /* Shopping List New */,
				6349D6FD2328737700F4A662 /* Products */,
			);
			sourceTree = "<group>";
		};
		6349D6FD2328737700F4A662 /* Products */ = {
			isa = PBXGroup;
			children = (
				6349D6FC2328737700F4A662 /* Shopping List New.app */,
			);
			name = Products;
			sourceTree = "<group>";
		};
		6349D6FE2328737700F4A662 /* Shopping List New */ = {
			isa = PBXGroup;
			children = (
				6349D6FF2328737700F4A662 /* AppDelegate.swift */,
				6349D715232878D600F4A662 /* Models */,
				6349D7032328737700F4A662 /* Main.storyboard */,
				6349D7062328737800F4A662 /* Assets.xcassets */,
				6349D7082328737800F4A662 /* LaunchScreen.storyboard */,
				6349D70B2328737800F4A662 /* Info.plist */,
			);
			path = "Shopping List New";
			sourceTree = "<group>";
		};
		6349D715232878D600F4A662 /* Models */ = {
			isa = PBXGroup;
			children = (
				6349D711232873AA00F4A662 /* ShoppingItem.swift */,
				6349D7162328812800F4A662 /* ShoppingListCollectionViewController.swift */,
				6349D7182328814700F4A662 /* ShoppingListCollectionViewCell.swift */,
				6349D71A2328817C00F4A662 /* OrderConfirmationViewController.swift */,
				6349D713232878C900F4A662 /* ShoppingItemController.swift */,
			);
			path = Models;
			sourceTree = "<group>";
		};
/* End PBXGroup section */

/* Begin PBXNativeTarget section */
		6349D6FB2328737700F4A662 /* Shopping List New */ = {
			isa = PBXNativeTarget;
			buildConfigurationList = 6349D70E2328737800F4A662 /* Build configuration list for PBXNativeTarget "Shopping List New" */;
			buildPhases = (
				6349D6F82328737700F4A662 /* Sources */,
				6349D6F92328737700F4A662 /* Frameworks */,
				6349D6FA2328737700F4A662 /* Resources */,
			);
			buildRules = (
			);
			dependencies = (
			);
			name = "Shopping List New";
			productName = "Shopping List New";
			productReference = 6349D6FC2328737700F4A662 /* Shopping List New.app */;
			productType = "com.apple.product-type.application";
		};
/* End PBXNativeTarget section */

/* Begin PBXProject section */
		6349D6F42328737700F4A662 /* Project object */ = {
			isa = PBXProject;
			attributes = {
				LastSwiftUpdateCheck = 1030;
				LastUpgradeCheck = 1030;
				ORGANIZATIONNAME = "Lambda School";
				TargetAttributes = {
					6349D6FB2328737700F4A662 = {
						CreatedOnToolsVersion = 10.3;
					};
				};
			};
			buildConfigurationList = 6349D6F72328737700F4A662 /* Build configuration list for PBXProject "Shopping List New" */;
			compatibilityVersion = "Xcode 9.3";
			developmentRegion = en;
			hasScannedForEncodings = 0;
			knownRegions = (
				en,
				Base,
			);
			mainGroup = 6349D6F32328737700F4A662;
			productRefGroup = 6349D6FD2328737700F4A662 /* Products */;
			projectDirPath = "";
			projectRoot = "";
			targets = (
				6349D6FB2328737700F4A662 /* Shopping List New */,
			);
		};
/* End PBXProject section */

/* Begin PBXResourcesBuildPhase section */
		6349D6FA2328737700F4A662 /* Resources */ = {
			isa = PBXResourcesBuildPhase;
			buildActionMask = 2147483647;
			files = (
				6349D70A2328737800F4A662 /* LaunchScreen.storyboard in Resources */,
				6349D7072328737800F4A662 /* Assets.xcassets in Resources */,
				6349D7052328737700F4A662 /* Main.storyboard in Resources */,
			);
			runOnlyForDeploymentPostprocessing = 0;
		};
/* End PBXResourcesBuildPhase section */

/* Begin PBXSourcesBuildPhase section */
		6349D6F82328737700F4A662 /* Sources */ = {
			isa = PBXSourcesBuildPhase;
			buildActionMask = 2147483647;
			files = (
				6349D7172328812800F4A662 /* ShoppingListCollectionViewController.swift in Sources */,
				6349D7192328814700F4A662 /* ShoppingListCollectionViewCell.swift in Sources */,
				6349D71B2328817C00F4A662 /* OrderConfirmationViewController.swift in Sources */,
				6349D712232873AA00F4A662 /* ShoppingItem.swift in Sources */,
				6349D714232878C900F4A662 /* ShoppingItemController.swift in Sources */,
				6349D7002328737700F4A662 /* AppDelegate.swift in Sources */,
			);
			runOnlyForDeploymentPostprocessing = 0;
		};
/* End PBXSourcesBuildPhase section */

/* Begin PBXVariantGroup section */
		6349D7032328737700F4A662 /* Main.storyboard */ = {
			isa = PBXVariantGroup;
			children = (
				6349D7042328737700F4A662 /* Base */,
			);
			name = Main.storyboard;
			sourceTree = "<group>";
		};
		6349D7082328737800F4A662 /* LaunchScreen.storyboard */ = {
			isa = PBXVariantGroup;
			children = (
				6349D7092328737800F4A662 /* Base */,
			);
			name = LaunchScreen.storyboard;
			sourceTree = "<group>";
		};
/* End PBXVariantGroup section */

/* Begin XCBuildConfiguration section */
		6349D70C2328737800F4A662 /* Debug */ = {
			isa = XCBuildConfiguration;
			buildSettings = {
				ALWAYS_SEARCH_USER_PATHS = NO;
				CLANG_ANALYZER_NONNULL = YES;
				CLANG_ANALYZER_NUMBER_OBJECT_CONVERSION = YES_AGGRESSIVE;
				CLANG_CXX_LANGUAGE_STANDARD = "gnu++14";
				CLANG_CXX_LIBRARY = "libc++";
				CLANG_ENABLE_MODULES = YES;
				CLANG_ENABLE_OBJC_ARC = YES;
				CLANG_ENABLE_OBJC_WEAK = YES;
				CLANG_WARN_BLOCK_CAPTURE_AUTORELEASING = YES;
				CLANG_WARN_BOOL_CONVERSION = YES;
				CLANG_WARN_COMMA = YES;
				CLANG_WARN_CONSTANT_CONVERSION = YES;
				CLANG_WARN_DEPRECATED_OBJC_IMPLEMENTATIONS = YES;
				CLANG_WARN_DIRECT_OBJC_ISA_USAGE = YES_ERROR;
				CLANG_WARN_DOCUMENTATION_COMMENTS = YES;
				CLANG_WARN_EMPTY_BODY = YES;
				CLANG_WARN_ENUM_CONVERSION = YES;
				CLANG_WARN_INFINITE_RECURSION = YES;
				CLANG_WARN_INT_CONVERSION = YES;
				CLANG_WARN_NON_LITERAL_NULL_CONVERSION = YES;
				CLANG_WARN_OBJC_IMPLICIT_RETAIN_SELF = YES;
				CLANG_WARN_OBJC_LITERAL_CONVERSION = YES;
				CLANG_WARN_OBJC_ROOT_CLASS = YES_ERROR;
				CLANG_WARN_RANGE_LOOP_ANALYSIS = YES;
				CLANG_WARN_STRICT_PROTOTYPES = YES;
				CLANG_WARN_SUSPICIOUS_MOVE = YES;
				CLANG_WARN_UNGUARDED_AVAILABILITY = YES_AGGRESSIVE;
				CLANG_WARN_UNREACHABLE_CODE = YES;
				CLANG_WARN__DUPLICATE_METHOD_MATCH = YES;
				CODE_SIGN_IDENTITY = "iPhone Developer";
				COPY_PHASE_STRIP = NO;
				DEBUG_INFORMATION_FORMAT = dwarf;
				ENABLE_STRICT_OBJC_MSGSEND = YES;
				ENABLE_TESTABILITY = YES;
				GCC_C_LANGUAGE_STANDARD = gnu11;
				GCC_DYNAMIC_NO_PIC = NO;
				GCC_NO_COMMON_BLOCKS = YES;
				GCC_OPTIMIZATION_LEVEL = 0;
				GCC_PREPROCESSOR_DEFINITIONS = (
					"DEBUG=1",
					"$(inherited)",
				);
				GCC_WARN_64_TO_32_BIT_CONVERSION = YES;
				GCC_WARN_ABOUT_RETURN_TYPE = YES_ERROR;
				GCC_WARN_UNDECLARED_SELECTOR = YES;
				GCC_WARN_UNINITIALIZED_AUTOS = YES_AGGRESSIVE;
				GCC_WARN_UNUSED_FUNCTION = YES;
				GCC_WARN_UNUSED_VARIABLE = YES;
				IPHONEOS_DEPLOYMENT_TARGET = 12.4;
				MTL_ENABLE_DEBUG_INFO = INCLUDE_SOURCE;
				MTL_FAST_MATH = YES;
				ONLY_ACTIVE_ARCH = YES;
				SDKROOT = iphoneos;
				SWIFT_ACTIVE_COMPILATION_CONDITIONS = DEBUG;
				SWIFT_OPTIMIZATION_LEVEL = "-Onone";
			};
			name = Debug;
		};
		6349D70D2328737800F4A662 /* Release */ = {
			isa = XCBuildConfiguration;
			buildSettings = {
				ALWAYS_SEARCH_USER_PATHS = NO;
				CLANG_ANALYZER_NONNULL = YES;
				CLANG_ANALYZER_NUMBER_OBJECT_CONVERSION = YES_AGGRESSIVE;
				CLANG_CXX_LANGUAGE_STANDARD = "gnu++14";
				CLANG_CXX_LIBRARY = "libc++";
				CLANG_ENABLE_MODULES = YES;
				CLANG_ENABLE_OBJC_ARC = YES;
				CLANG_ENABLE_OBJC_WEAK = YES;
				CLANG_WARN_BLOCK_CAPTURE_AUTORELEASING = YES;
				CLANG_WARN_BOOL_CONVERSION = YES;
				CLANG_WARN_COMMA = YES;
				CLANG_WARN_CONSTANT_CONVERSION = YES;
				CLANG_WARN_DEPRECATED_OBJC_IMPLEMENTATIONS = YES;
				CLANG_WARN_DIRECT_OBJC_ISA_USAGE = YES_ERROR;
				CLANG_WARN_DOCUMENTATION_COMMENTS = YES;
				CLANG_WARN_EMPTY_BODY = YES;
				CLANG_WARN_ENUM_CONVERSION = YES;
				CLANG_WARN_INFINITE_RECURSION = YES;
				CLANG_WARN_INT_CONVERSION = YES;
				CLANG_WARN_NON_LITERAL_NULL_CONVERSION = YES;
				CLANG_WARN_OBJC_IMPLICIT_RETAIN_SELF = YES;
				CLANG_WARN_OBJC_LITERAL_CONVERSION = YES;
				CLANG_WARN_OBJC_ROOT_CLASS = YES_ERROR;
				CLANG_WARN_RANGE_LOOP_ANALYSIS = YES;
				CLANG_WARN_STRICT_PROTOTYPES = YES;
				CLANG_WARN_SUSPICIOUS_MOVE = YES;
				CLANG_WARN_UNGUARDED_AVAILABILITY = YES_AGGRESSIVE;
				CLANG_WARN_UNREACHABLE_CODE = YES;
				CLANG_WARN__DUPLICATE_METHOD_MATCH = YES;
				CODE_SIGN_IDENTITY = "iPhone Developer";
				COPY_PHASE_STRIP = NO;
				DEBUG_INFORMATION_FORMAT = "dwarf-with-dsym";
				ENABLE_NS_ASSERTIONS = NO;
				ENABLE_STRICT_OBJC_MSGSEND = YES;
				GCC_C_LANGUAGE_STANDARD = gnu11;
				GCC_NO_COMMON_BLOCKS = YES;
				GCC_WARN_64_TO_32_BIT_CONVERSION = YES;
				GCC_WARN_ABOUT_RETURN_TYPE = YES_ERROR;
				GCC_WARN_UNDECLARED_SELECTOR = YES;
				GCC_WARN_UNINITIALIZED_AUTOS = YES_AGGRESSIVE;
				GCC_WARN_UNUSED_FUNCTION = YES;
				GCC_WARN_UNUSED_VARIABLE = YES;
				IPHONEOS_DEPLOYMENT_TARGET = 12.4;
				MTL_ENABLE_DEBUG_INFO = NO;
				MTL_FAST_MATH = YES;
				SDKROOT = iphoneos;
				SWIFT_COMPILATION_MODE = wholemodule;
				SWIFT_OPTIMIZATION_LEVEL = "-O";
				VALIDATE_PRODUCT = YES;
			};
			name = Release;
		};
		6349D70F2328737800F4A662 /* Debug */ = {
			isa = XCBuildConfiguration;
			buildSettings = {
				ASSETCATALOG_COMPILER_APPICON_NAME = AppIcon;
				CODE_SIGN_STYLE = Automatic;
				DEVELOPMENT_TEAM = VXUQXR6S56;
				INFOPLIST_FILE = "Shopping List New/Info.plist";
				LD_RUNPATH_SEARCH_PATHS = (
					"$(inherited)",
					"@executable_path/Frameworks",
				);
				PRODUCT_BUNDLE_IDENTIFIER = "com.lambda-School.Shopping-List-New";
				PRODUCT_NAME = "$(TARGET_NAME)";
				SWIFT_VERSION = 5.0;
				TARGETED_DEVICE_FAMILY = "1,2";
			};
			name = Debug;
		};
		6349D7102328737800F4A662 /* Release */ = {
			isa = XCBuildConfiguration;
			buildSettings = {
				ASSETCATALOG_COMPILER_APPICON_NAME = AppIcon;
				CODE_SIGN_STYLE = Automatic;
				DEVELOPMENT_TEAM = VXUQXR6S56;
				INFOPLIST_FILE = "Shopping List New/Info.plist";
				LD_RUNPATH_SEARCH_PATHS = (
					"$(inherited)",
					"@executable_path/Frameworks",
				);
				PRODUCT_BUNDLE_IDENTIFIER = "com.lambda-School.Shopping-List-New";
				PRODUCT_NAME = "$(TARGET_NAME)";
				SWIFT_VERSION = 5.0;
				TARGETED_DEVICE_FAMILY = "1,2";
			};
			name = Release;
		};
/* End XCBuildConfiguration section */

/* Begin XCConfigurationList section */
		6349D6F72328737700F4A662 /* Build configuration list for PBXProject "Shopping List New" */ = {
			isa = XCConfigurationList;
			buildConfigurations = (
				6349D70C2328737800F4A662 /* Debug */,
				6349D70D2328737800F4A662 /* Release */,
			);
			defaultConfigurationIsVisible = 0;
			defaultConfigurationName = Release;
		};
		6349D70E2328737800F4A662 /* Build configuration list for PBXNativeTarget "Shopping List New" */ = {
			isa = XCConfigurationList;
			buildConfigurations = (
				6349D70F2328737800F4A662 /* Debug */,
				6349D7102328737800F4A662 /* Release */,
			);
			defaultConfigurationIsVisible = 0;
			defaultConfigurationName = Release;
		};
/* End XCConfigurationList section */
	};
	rootObject = 6349D6F42328737700F4A662 /* Project object */;
}
